
Microsoft Visual Studio Solution File, Format Version 12.00
# Visual Studio 2013
VisualStudioVersion = 12.0.21005.1
MinimumVisualStudioVersion = 10.0.40219.1
Project("{FAE04EC0-301F-11D3-BF4B-00C04F79EFBC}") = "OperatorsOverload", "OperatorOverloadEquality\OperatorsOverload.csproj", "{E2E9F526-DBB1-4C07-AF69-9638859116F7}"
EndProject
Project("{FAE04EC0-301F-11D3-BF4B-00C04F79EFBC}") = "ExtensionMethods", "ExtensionMethods\ExtensionMethods.csproj", "{09E7235E-CB55-45A1-9E69-3C0E815EA39A}"
EndProject
Project("{FAE04EC0-301F-11D3-BF4B-00C04F79EFBC}") = "Collections", "Collections\Collections.csproj", "{94605ADA-D857-472D-8F7C-567412908566}"
EndProject
Project("{FAE04EC0-301F-11D3-BF4B-00C04F79EFBC}") = "DelegateFunctionAction", "DelegateFunctionAction\DelegateFunctionAction.csproj", "{1462BB44-7CF9-4DEA-808E-2BDE4C2E59EE}"
EndProject
Project("{FAE04EC0-301F-11D3-BF4B-00C04F79EFBC}") = "AnonymousTypes", "AnonymousTypes\AnonymousTypes.csproj", "{D8CDDBAE-979C-4ADB-B648-9B11CDEF727D}"
EndProject
Project("{FAE04EC0-301F-11D3-BF4B-00C04F79EFBC}") = "Generics", "Generics\Generics.csproj", "{A207D2F2-03EE-470B-B3E3-DEAB593948AF}"
EndProject
Project("{FAE04EC0-301F-11D3-BF4B-00C04F79EFBC}") = "Events", "Events\Events.csproj", "{174D64E8-31D7-4953-8B21-D2D75A375C36}"
EndProject
Project("{FAE04EC0-301F-11D3-BF4B-00C04F79EFBC}") = "LambdaExpressions", "LambdaExpressions\LambdaExpressions.csproj", "{401FADEB-86E4-4AE6-A5BF-D85377B169F8}"
EndProject
Project("{FAE04EC0-301F-11D3-BF4B-00C04F79EFBC}") = "Linq", "Linq\Linq.csproj", "{67D1A93B-8C06-45A6-82BB-2D4C007E89E6}"
EndProject
Global
	GlobalSection(SolutionConfigurationPlatforms) = preSolution
		Debug|Any CPU = Debug|Any CPU
		Release|Any CPU = Release|Any CPU
	EndGlobalSection
	GlobalSection(ProjectConfigurationPlatforms) = postSolution
		{E2E9F526-DBB1-4C07-AF69-9638859116F7}.Debug|Any CPU.ActiveCfg = Debug|Any CPU
		{E2E9F526-DBB1-4C07-AF69-9638859116F7}.Debug|Any CPU.Build.0 = Debug|Any CPU
		{E2E9F526-DBB1-4C07-AF69-9638859116F7}.Release|Any CPU.ActiveCfg = Release|Any CPU
		{E2E9F526-DBB1-4C07-AF69-9638859116F7}.Release|Any CPU.Build.0 = Release|Any CPU
		{09E7235E-CB55-45A1-9E69-3C0E815EA39A}.Debug|Any CPU.ActiveCfg = Debug|Any CPU
		{09E7235E-CB55-45A1-9E69-3C0E815EA39A}.Debug|Any CPU.Build.0 = Debug|Any CPU
		{09E7235E-CB55-45A1-9E69-3C0E815EA39A}.Release|Any CPU.ActiveCfg = Release|Any CPU
		{09E7235E-CB55-45A1-9E69-3C0E815EA39A}.Release|Any CPU.Build.0 = Release|Any CPU
		{94605ADA-D857-472D-8F7C-567412908566}.Debug|Any CPU.ActiveCfg = Debug|Any CPU
		{94605ADA-D857-472D-8F7C-567412908566}.Debug|Any CPU.Build.0 = Debug|Any CPU
		{94605ADA-D857-472D-8F7C-567412908566}.Release|Any CPU.ActiveCfg = Release|Any CPU
		{94605ADA-D857-472D-8F7C-567412908566}.Release|Any CPU.Build.0 = Release|Any CPU
		{1462BB44-7CF9-4DEA-808E-2BDE4C2E59EE}.Debug|Any CPU.ActiveCfg = Debug|Any CPU
		{1462BB44-7CF9-4DEA-808E-2BDE4C2E59EE}.Debug|Any CPU.Build.0 = Debug|Any CPU
		{1462BB44-7CF9-4DEA-808E-2BDE4C2E59EE}.Release|Any CPU.ActiveCfg = Release|Any CPU
		{1462BB44-7CF9-4DEA-808E-2BDE4C2E59EE}.Release|Any CPU.Build.0 = Release|Any CPU
		{D8CDDBAE-979C-4ADB-B648-9B11CDEF727D}.Debug|Any CPU.ActiveCfg = Debug|Any CPU
		{D8CDDBAE-979C-4ADB-B648-9B11CDEF727D}.Debug|Any CPU.Build.0 = Debug|Any CPU
		{D8CDDBAE-979C-4ADB-B648-9B11CDEF727D}.Release|Any CPU.ActiveCfg = Release|Any CPU
		{D8CDDBAE-979C-4ADB-B648-9B11CDEF727D}.Release|Any CPU.Build.0 = Release|Any CPU
		{A207D2F2-03EE-470B-B3E3-DEAB593948AF}.Debug|Any CPU.ActiveCfg = Debug|Any CPU
		{A207D2F2-03EE-470B-B3E3-DEAB593948AF}.Debug|Any CPU.Build.0 = Debug|Any CPU
		{A207D2F2-03EE-470B-B3E3-DEAB593948AF}.Release|Any CPU.ActiveCfg = Release|Any CPU
		{A207D2F2-03EE-470B-B3E3-DEAB593948AF}.Release|Any CPU.Build.0 = Release|Any CPU
		{174D64E8-31D7-4953-8B21-D2D75A375C36}.Debug|Any CPU.ActiveCfg = Debug|Any CPU
		{174D64E8-31D7-4953-8B21-D2D75A375C36}.Debug|Any CPU.Build.0 = Debug|Any CPU
		{174D64E8-31D7-4953-8B21-D2D75A375C36}.Release|Any CPU.ActiveCfg = Release|Any CPU
		{174D64E8-31D7-4953-8B21-D2D75A375C36}.Release|Any CPU.Build.0 = Release|Any CPU
		{401FADEB-86E4-4AE6-A5BF-D85377B169F8}.Debug|Any CPU.ActiveCfg = Debug|Any CPU
		{401FADEB-86E4-4AE6-A5BF-D85377B169F8}.Debug|Any CPU.Build.0 = Debug|Any CPU
		{401FADEB-86E4-4AE6-A5BF-D85377B169F8}.Release|Any CPU.ActiveCfg = Release|Any CPU
		{401FADEB-86E4-4AE6-A5BF-D85377B169F8}.Release|Any CPU.Build.0 = Release|Any CPU
		{67D1A93B-8C06-45A6-82BB-2D4C007E89E6}.Debug|Any CPU.ActiveCfg = Debug|Any CPU
		{67D1A93B-8C06-45A6-82BB-2D4C007E89E6}.Debug|Any CPU.Build.0 = Debug|Any CPU
		{67D1A93B-8C06-45A6-82BB-2D4C007E89E6}.Release|Any CPU.ActiveCfg = Release|Any CPU
		{67D1A93B-8C06-45A6-82BB-2D4C007E89E6}.Release|Any CPU.Build.0 = Release|Any CPU
	EndGlobalSection
	GlobalSection(SolutionProperties) = preSolution
		HideSolutionNode = FALSE
	EndGlobalSection
EndGlobal
